<?xml version="1.0" encoding="utf-8"?>
<Project ToolsVersion="4.0" xmlns="http://schemas.microsoft.com/developer/msbuild/2003">
  <ItemGroup>
    <Filter Include="Source Files">
      <UniqueIdentifier>{4FC737F1-C7A5-4376-A066-2A32D752A2FF}</UniqueIdentifier>
      <Extensions>cpp;c;cc;cxx;def;odl;idl;hpj;bat;asm;asmx</Extensions>
    </Filter>
    <Filter Include="Header Files">
      <UniqueIdentifier>{93995380-89BD-4b04-88EB-625FBE52EBFB}</UniqueIdentifier>
      <Extensions>h;hh;hpp;hxx;hm;inl;inc;xsd</Extensions>
    </Filter>
    <Filter Include="Resource Files">
      <UniqueIdentifier>{67DA6AB6-F800-4c08-8B7A-83BB121AAD01}</UniqueIdentifier>
      <Extensions>rc;ico;cur;bmp;dlg;rc2;rct;bin;rgs;gif;jpg;jpeg;jpe;resx;tiff;tif;png;wav;mfcribbon-ms</Extensions>
    </Filter>
  </ItemGroup>
  <ItemGroup>
    <ClCompile Include="src\cfg\InstructionNode.cc">
      <Filter>Source Files</Filter>
    </ClCompile>
    <ClCompile Include="src\core\LlvmLoader.cc">
      <Filter>Source Files</Filter>
    </ClCompile>
    <ClCompile Include="src\core\LlvmSourceParser.cc">
      <Filter>Source Files</Filter>
    </ClCompile>
    <ClCompile Include="src\domains\smg\operations\BaseSpcOperation.cc">
      <Filter>Source Files</Filter>
    </ClCompile>
    <ClCompile Include="src\domains\smg\operations\SpcOperationAdd.cc">
      <Filter>Source Files</Filter>
    </ClCompile>
    <ClCompile Include="src\domains\smg\operations\SpcOperationAlloca.cc">
      <Filter>Source Files</Filter>
    </ClCompile>
    <ClCompile Include="src\domains\smg\operations\SpcOperationLoad.cc">
      <Filter>Source Files</Filter>
    </ClCompile>
    <ClCompile Include="src\domains\smg\operations\SpcOperationRet.cc">
      <Filter>Source Files</Filter>
    </ClCompile>
    <ClCompile Include="src\domains\smg\operations\SpcOperationStore.cc">
      <Filter>Source Files</Filter>
    </ClCompile>
    <ClCompile Include="src\domains\smg\Spc.cc">
      <Filter>Source Files</Filter>
    </ClCompile>
    <ClCompile Include="src\domains\smg\SpcOperationsFactory.cc">
      <Filter>Source Files</Filter>
    </ClCompile>
    <ClCompile Include="src\domains\smg\SpcSymbolicState.cc">
      <Filter>Source Files</Filter>
    </ClCompile>
    <ClCompile Include="src\main.cpp">
      <Filter>Source Files</Filter>
    </ClCompile>
  </ItemGroup>
  <ItemGroup>
    <ClInclude Include="src\cfg\IInstructionWithOperation.hh">
      <Filter>Header Files</Filter>
    </ClInclude>
    <ClInclude Include="src\cfg\InstructionNode.hh">
      <Filter>Header Files</Filter>
    </ClInclude>
    <ClInclude Include="src\cfg\IOperation.hh">
      <Filter>Header Files</Filter>
    </ClInclude>
    <ClInclude Include="src\cfg\IOperationFactory.hh">
      <Filter>Header Files</Filter>
    </ClInclude>
    <ClInclude Include="src\cfg\IInstruction.hh">
      <Filter>Header Files</Filter>
    </ClInclude>
    <ClInclude Include="src\core\IAbstractProgramConfiguration.hh">
      <Filter>Header Files</Filter>
    </ClInclude>
    <ClInclude Include="src\core\ISymState.hh">
      <Filter>Header Files</Filter>
    </ClInclude>
    <ClInclude Include="src\core\LlvmLoader.hh">
      <Filter>Header Files</Filter>
    </ClInclude>
    <ClInclude Include="src\core\LlvmSourceParser.hh">
      <Filter>Header Files</Filter>
    </ClInclude>
    <ClInclude Include="src\domains\smg\operations\SpcOperationLoad.hh">
      <Filter>Header Files</Filter>
    </ClInclude>
    <ClInclude Include="src\domains\smg\operations\SpcOperationRet.hh">
      <Filter>Header Files</Filter>
    </ClInclude>
    <ClInclude Include="src\domains\smg\operations\SpcOperationStore.hh">
      <Filter>Header Files</Filter>
    </ClInclude>
    <ClInclude Include="src\domains\smg\operations\BaseSpcOperation.hh">
      <Filter>Header Files</Filter>
    </ClInclude>
    <ClInclude Include="src\domains\smg\operations\SpcOperationAdd.hh">
      <Filter>Header Files</Filter>
    </ClInclude>
    <ClInclude Include="src\domains\smg\operations\SpcOperationAlloca.hh">
      <Filter>Header Files</Filter>
    </ClInclude>
    <ClInclude Include="src\domains\smg\SpcOperationsFactory.hh">
      <Filter>Header Files</Filter>
    </ClInclude>
    <ClInclude Include="src\domains\smg\SpcSymbolicState.hh">
      <Filter>Header Files</Filter>
    </ClInclude>
    <ClInclude Include="src\domains\smg\Spc.hh">
      <Filter>Header Files</Filter>
    </ClInclude>
    <ClInclude Include="src\types\Type.hh">
      <Filter>Header Files</Filter>
    </ClInclude>
    <ClInclude Include="src\DummyOperations.hh">
      <Filter>Header Files</Filter>
    </ClInclude>
    <ClInclude Include="src\General.hh">
      <Filter>Header Files</Filter>
    </ClInclude>
    <ClInclude Include="src\ICfgNode.hh">
      <Filter>Header Files</Filter>
    </ClInclude>
    <ClInclude Include="src\IOperation.hh">
      <Filter>Header Files</Filter>
    </ClInclude>
    <ClInclude Include="src\Definitions.hh">
      <Filter>Header Files</Filter>
    </ClInclude>
    <ClInclude Include="src\Values.hh">
      <Filter>Header Files</Filter>
    </ClInclude>
    <ClInclude Include="src\IState.hh">
      <Filter>Header Files</Filter>
    </ClInclude>
    <ClInclude Include="src\StateStorage.hh">
      <Filter>Header Files</Filter>
    </ClInclude>
    <ClInclude Include="src\DummyState.hh">
      <Filter>Header Files</Filter>
    </ClInclude>
  </ItemGroup>
</Project>